
Microsoft Visual Studio Solution File, Format Version 12.00
# Visual Studio Version 17
VisualStudioVersion = 17.4.33122.133
MinimumVisualStudioVersion = 10.0.40219.1
Project("{F184B08F-C81C-45F6-A57F-5ABD9991F28F}") = "Hospital", "Hospital.vbproj", "{6FF5C5BD-512E-42DB-8E3F-70AA4FCC1862}"
EndProject
Global
	GlobalSection(SolutionConfigurationPlatforms) = preSolution
		Debug|Any CPU = Debug|Any CPU
		Release|Any CPU = Release|Any CPU
	EndGlobalSection
	GlobalSection(ProjectConfigurationPlatforms) = postSolution
		{6FF5C5BD-512E-42DB-8E3F-70AA4FCC1862}.Debug|Any CPU.ActiveCfg = Debug|Any CPU
		{6FF5C5BD-512E-42DB-8E3F-70AA4FCC1862}.Debug|Any CPU.Build.0 = Debug|Any CPU
		{6FF5C5BD-512E-42DB-8E3F-70AA4FCC1862}.Release|Any CPU.ActiveCfg = Release|Any CPU
		{6FF5C5BD-512E-42DB-8E3F-70AA4FCC1862}.Release|Any CPU.Build.0 = Release|Any CPU
	EndGlobalSection
	GlobalSection(SolutionProperties) = preSolution
		HideSolutionNode = FALSE
	EndGlobalSection
	GlobalSection(ExtensibilityGlobals) = postSolution
		SolutionGuid = {7730FA89-9CDC-4F9E-95BE-A953315F4233}
	EndGlobalSection
EndGlobal
